
Microsoft Visual Studio Solution File, Format Version 12.00
# Visual Studio 15
VisualStudioVersion = 15.0.27130.2027
MinimumVisualStudioVersion = 10.0.40219.1
Project("{FAE04EC0-301F-11D3-BF4B-00C04F79EFBC}") = "POM-OCR General", "POM-OCR\POM-OCR General.csproj", "{ADF76610-826C-498B-8A19-5D850574DF2E}"
EndProject
Project("{FAE04EC0-301F-11D3-BF4B-00C04F79EFBC}") = "POM-OCR.Tests", "POM-OCR.Tests\POM-OCR.Tests.csproj", "{DA5F7C3D-DD8A-4974-BCD3-9A386FBC4425}"
EndProject
Project("{FAE04EC0-301F-11D3-BF4B-00C04F79EFBC}") = "Region_Detection", "text region detection\Region_Detection.csproj", "{374C40E6-12E5-4F39-B251-991D90DBE880}"
EndProject
Project("{FAE04EC0-301F-11D3-BF4B-00C04F79EFBC}") = "PomyObraz", "C:\Users\Maciek\Documents\Visual Studio 2017\Projects\PomyObraz\PomyObraz\PomyObraz.csproj", "{EC241CE1-BC47-450E-BD0A-B08948469201}"
EndProject
Global
	GlobalSection(SolutionConfigurationPlatforms) = preSolution
		Debug|Any CPU = Debug|Any CPU
		Release|Any CPU = Release|Any CPU
	EndGlobalSection
	GlobalSection(ProjectConfigurationPlatforms) = postSolution
		{ADF76610-826C-498B-8A19-5D850574DF2E}.Debug|Any CPU.ActiveCfg = Debug|Any CPU
		{ADF76610-826C-498B-8A19-5D850574DF2E}.Debug|Any CPU.Build.0 = Debug|Any CPU
		{ADF76610-826C-498B-8A19-5D850574DF2E}.Release|Any CPU.ActiveCfg = Release|Any CPU
		{ADF76610-826C-498B-8A19-5D850574DF2E}.Release|Any CPU.Build.0 = Release|Any CPU
		{DA5F7C3D-DD8A-4974-BCD3-9A386FBC4425}.Debug|Any CPU.ActiveCfg = Debug|Any CPU
		{DA5F7C3D-DD8A-4974-BCD3-9A386FBC4425}.Debug|Any CPU.Build.0 = Debug|Any CPU
		{DA5F7C3D-DD8A-4974-BCD3-9A386FBC4425}.Release|Any CPU.ActiveCfg = Release|Any CPU
		{DA5F7C3D-DD8A-4974-BCD3-9A386FBC4425}.Release|Any CPU.Build.0 = Release|Any CPU
		{374C40E6-12E5-4F39-B251-991D90DBE880}.Debug|Any CPU.ActiveCfg = Debug|Any CPU
		{374C40E6-12E5-4F39-B251-991D90DBE880}.Debug|Any CPU.Build.0 = Debug|Any CPU
		{374C40E6-12E5-4F39-B251-991D90DBE880}.Release|Any CPU.ActiveCfg = Release|Any CPU
		{374C40E6-12E5-4F39-B251-991D90DBE880}.Release|Any CPU.Build.0 = Release|Any CPU
		{EC241CE1-BC47-450E-BD0A-B08948469201}.Debug|Any CPU.ActiveCfg = Debug|Any CPU
		{EC241CE1-BC47-450E-BD0A-B08948469201}.Debug|Any CPU.Build.0 = Debug|Any CPU
		{EC241CE1-BC47-450E-BD0A-B08948469201}.Release|Any CPU.ActiveCfg = Release|Any CPU
		{EC241CE1-BC47-450E-BD0A-B08948469201}.Release|Any CPU.Build.0 = Release|Any CPU
	EndGlobalSection
	GlobalSection(SolutionProperties) = preSolution
		HideSolutionNode = FALSE
	EndGlobalSection
	GlobalSection(ExtensibilityGlobals) = postSolution
		SolutionGuid = {9008694A-A57B-434D-9DC1-D9F6DF2DE677}
	EndGlobalSection
EndGlobal
